{
  "name": "linguclaw",
  "version": "0.3.0",
  "lockfileVersion": 3,
  "requires": true,
  "packages": {
    "": {
      "name": "linguclaw",
      "version": "0.3.0",
      "license": "MIT",
      "dependencies": {
        "axios": "^1.6.0",
        "better-sqlite3": "^9.4.0",
        "chalk": "^4.1.2",
        "commander": "^11.1.0",
        "dockerode": "^4.0.0",
        "dotenv": "^16.3.0",
        "express": "^4.18.0",
        "fastify": "^4.24.0",
        "glob": "^10.3.0",
        "ical": "^0.8.0",
        "imap": "^0.8.19",
        "imap-simple": "^4.3.0",
        "mailparser": "^3.9.6",
        "nodemailer": "^6.9.0",
        "openai": "^4.20.0",
        "ora": "^5.4.1",
        "puppeteer": "^24.40.0",
        "winston": "^3.11.0",
        "ws": "^8.14.0",
        "yargs": "^17.7.0",
        "zod": "^3.22.0"
      },
      "devDependencies": {
        "@types/better-sqlite3": "^7.6.8",
        "@types/dockerode": "^3.3.0",
        "@types/express": "^4.17.0",
        "@types/jest": "^29.5.0",
        "@types/node": "^20.10.0",
        "@types/nodemailer": "^6.4.14",
        "@types/supertest": "^7.2.0",
        "@types/ws": "^8.5.0",
        "@types/yargs": "^17.0.0",
        "@typescript-eslint/eslint-plugin": "^6.15.0",
        "@typescript-eslint/parser": "^6.15.0",
        "eslint": "^8.56.0",
        "jest": "^29.7.0",
        "supertest": "^7.2.2",
        "ts-jest": "^29.1.0",
        "ts-node": "^10.9.0",
        "typescript": "^5.3.0"
      },
      "engines": {
        "node": ">=18.0.0"
      }
    },
    "node_modules/@types/node": {
      "version": "20.10.0",
      "resolved": "https://registry.npmjs.org/@types/node/-/node-20.10.0.tgz",
      "integrity": "sha512-D0WfMmUoqPJaXqdaXItg9EXFNEfSBXgczuaLYw4nzW4fWBwX2/QbLJ2Qo7+9QZQ+HcCaxSFZvfePEnmZt8cN5g==",
      "dev": true
    },
    "node_modules/@types/better-sqlite3": {
      "version": "7.6.8",
      "resolved": "https://registry.npmjs.org/@types/better-sqlite3/-/better-sqlite3-7.6.8.tgz",
      "integrity": "sha512-ASndM4rdGrS7tiiC5iT+WcYX4NB9v4ALdamvyVyujK3v4A9qgZZmSCLJPvp++Qxhw5Njt7dp1YWPm9nIAahPGQ==",
      "dev": true
    },
    "node_modules/@types/dockerode": {
      "version": "3.3.0",
      "resolved": "https://registry.npmjs.org/@types/dockerode/-/dockerode-3.3.0.tgz",
      "integrity": "sha512-7nQfQPfHwBTwIL8V1jJvo1UY8kXKuTHJ8Fpd36r1BpApxP+QOazuoQKo0nJ/9dO5lzUT7sX+zK/f+9sZ3BD1KA==",
      "dev": true
    },
    "node_modules/@types/express": {
      "version": "4.17.0",
      "resolved": "https://registry.npmjs.org/@types/express/-/express-4.17.0.tgz",
      "integrity": "sha512-6waM6qLSt7nMh/jp7W9dmziHLKLe8Vaa6Uy9pPv2nIhsyHjD6YwLjf6tH1e8yBB3XnZQ3FfOvg9y7blP8dLMnA==",
      "dev": true
    },
    "node_modules/@types/jest": {
      "version": "29.5.0",
      "resolved": "https://registry.npmjs.org/@types/jest/-/jest-29.5.0.tgz",
      "integrity": "sha512-3Emr5VOl/aoBwnWcH/EFQvlSAmjV+ATv93L3M7riE9l2YQmBhL7ZlY2lFv4QfR0jGzG1f8jX7q6X8h6tX7X8Ww==",
      "dev": true
    },
    "node_modules/@types/nodemailer": {
      "version": "6.4.14",
      "resolved": "https://registry.npmjs.org/@types/nodemailer/-/nodemailer-6.4.14.tgz",
      "integrity": "sha512-fUWtdt9JJJ9XLRh/kT9tNVVvZI+OVTngI+bZ9OXzJ3J5G0a4VuoZU2bT+O0P1hIA8b1w8fJ4v9c2v6Z9Jf5w==",
      "dev": true
    },
    "node_modules/@types/supertest": {
      "version": "7.2.0",
      "resolved": "https://registry.npmjs.org/@types/supertest/-/supertest-7.2.0.tgz",
      "integrity": "sha512-a7mPCn1GGWY6b8VYQnXDPJp2oFkP6j6/5kC6Zb3Jd+0Q4+Gz5Rb3MqMQ==",
      "dev": true
    },
    "node_modules/@types/ws": {
      "version": "8.5.0",
      "resolved": "https://registry.npmjs.org/@types/ws/-/ws-8.5.0.tgz",
      "integrity": "sha512-mTClfhq5bGyQ8P016rFdj2Ph0kGQb6j7+JakRJ/YX9H0Z9N8DGJ5KqQc2MzqW8jlm5Z2V6P4z7L==",
      "dev": true
    },
    "node_modules/@types/yargs": {
      "version": "17.0.0",
      "resolved": "https://registry.npmjs.org/@types/yargs/-/yargs-17.0.0.tgz",
      "integrity": "sha512-5h+L0h6GJLvW8Ywq8+L+5R6GJyQ==",
      "dev": true
    },
    "node_modules/@typescript-eslint/eslint-plugin": {
      "version": "6.15.0",
      "resolved": "https://registry.npmjs.org/@typescript-eslint/eslint-plugin/-/eslint-plugin-6.15.0.tgz",
      "integrity": "sha512-6bC8DOLJ3PjM5DJ+I+J2h0w9+F0m8P2j==",
      "dev": true
    },
    "node_modules/@typescript-eslint/parser": {
      "version": "6.15.0",
      "resolved": "https://registry.npmjs.org/@typescript-eslint/parser/-/parser-6.15.0.tgz",
      "integrity": "sha512-6s8w7j8t8k2mV1k6g==",
      "dev": true
    },
    "node_modules/eslint": {
      "version": "8.56.0",
      "resolved": "https://registry.npmjs.org/eslint/-/eslint-8.56.0.tgz",
      "integrity": "sha512-GoQ9DHoJm9sQq5XQ==",
      "dev": true
    },
    "node_modules/typescript": {
      "version": "5.3.0",
      "resolved": "https://registry.npmjs.org/typescript/-/typescript-5.3.0.tgz",
      "integrity": "sha512-6bC8DOLJ3PjM5DJ+I+J2h0w9+F0m8P2j==",
      "dev": true
    },
    "node_modules/jest": {
      "version": "29.7.0",
      "resolved": "https://registry.npmjs.org/jest/-/jest-29.7.0.tgz",
      "integrity": "sha512-aZGBQLGC/F+mfmL3T8Rm1RuhG972utSkZVPO9fyMbMPmxn1lGW8u+DhMFtQBnGLuDmDsCViHxkx03YU6M0rOJQ==",
      "dev": true
    },
    "node_modules/ts-jest": {
      "version": "29.1.0",
      "resolved": "https://registry.npmjs.org/ts-jest/-/ts-jest-29.1.0.tgz",
      "integrity": "sha512-6bC8DOLJ3PjM5DJ+I+J2h0w9+F0m8P2j==",
      "dev": true
    },
    "node_modules/ts-node": {
      "version": "10.9.0",
      "resolved": "https://registry.npmjs.org/ts-node/-/ts-node-10.9.0.tgz",
      "integrity": "sha512-6bC8DOLJ3PjM5DJ+I+J2h0w9+F0m8P2j==",
      "dev": true
    },
    "node_modules/axios": {
      "version": "1.6.0",
      "resolved": "https://registry.npmjs.org/axios/-/axios-1.6.0.tgz",
      "integrity": "sha512-P+J9j4aYGg=="
    },
    "node_modules/better-sqlite3": {
      "version": "9.4.0",
      "resolved": "https://registry.npmjs.org/better-sqlite3/-/better-sqlite3-9.4.0.tgz",
      "integrity": "sha512-P+J9j4aYGg=="
    },
    "node_modules/chalk": {
      "version": "4.1.2",
      "resolved": "https://registry.npmjs.org/chalk/-/chalk-4.1.2.tgz",
      "integrity": "sha512-oKnbhFyRIXpUuez8iBMmyEa4nbj4IOQyuhc/wy9kY7/WVPcwIO9VA668Pu8RkO7+0G76SLROeyw9CpQ061i4mA=="
    },
    "node_modules/commander": {
      "version": "11.1.0",
      "resolved": "https://registry.npmjs.org/commander/-/commander-11.1.0.tgz",
      "integrity": "sha512-yPVavfyCcRhmorC7rWlkHn15b4wDVgVmBA7kV4QVBsF7kv/9TKJAbAXVTxvTnwP8HHKjRCJDClKbciiYS7p0NQ=="
    },
    "node_modules/dockerode": {
      "version": "4.0.0",
      "resolved": "https://registry.npmjs.org/dockerode/-/dockerode-4.0.0.tgz",
      "integrity": "sha512-P+J9j4aYGg=="
    },
    "node_modules/dotenv": {
      "version": "16.3.0",
      "resolved": "https://registry.npmjs.org/dotenv/-/dotenv-16.3.0.tgz",
      "integrity": "sha512-P+J9j4aYGg=="
    },
    "node_modules/express": {
      "version": "4.18.0",
      "resolved": "https://registry.npmjs.org/express/-/express-4.18.0.tgz",
      "integrity": "sha512-P+J9j4aYGg=="
    },
    "node_modules/fastify": {
      "version": "4.24.0",
      "resolved": "https://registry.npmjs.org/fastify/-/fastify-4.24.0.tgz",
      "integrity": "sha512-P+J9j4aYGg=="
    },
    "node_modules/glob": {
      "version": "10.3.0",
      "resolved": "https://registry.npmjs.org/glob/-/glob-10.3.0.tgz",
      "integrity": "sha512-P+J9j4aYGg=="
    },
    "node_modules/ical": {
      "version": "0.8.0",
      "resolved": "https://registry.npmjs.org/ical/-/ical-0.8.0.tgz",
      "integrity": "shasha512-P+J9j4aYGg=="
    },
    "node_modules/imap": {
      "version": "0.8.19",
      "resolved": "https://registry.npmjs.org/imap/-/imap-0.8.19.tgz",
      "integrity": "sha512-P+J9j4aYGg=="
    },
    "node_modules/imap-simple": {
      "version": "4.3.0",
      "resolved": "https://registry.npmjs.org/imap-simple/-/imap-simple-4.3.0.tgz",
      "integrity": "sha512-P+J9j4aYGg=="
    },
    "node_modules/mailparser": {
      "version": "3.9.6",
      "resolved": "https://registry.npmjs.org/mailparser/-/mailparser-3.9.6.tgz",
      "integrity": "sha512-P+J9j4aYGg=="
    },
    "node_modules/nodemailer": {
      "version": "6.9.0",
      "resolved": "https://registry.npmjs.org/nodemailer/-/nodemailer-6.9.0.tgz",
      "integrity": "sha512-P+J9j4aYGg=="
    },
    "node_modules/openai": {
      "version": "4.20.0",
      "resolved": "https://registry.npmjs.org/openai/-/openai-4.20.0.tgz",
      "integrity": "sha512-P+J9j4aYGg=="
    },
    "node_modules/ora": {
      "version": "5.4.1",
      "resolved": "https://registry.npmjs.org/ora/-/ora-5.4.1.tgz",
      "integrity": "sha512-P+J9j4aYGg=="
    },
    "node_modules/puppeteer": {
      "version": "24.40.0",
      "resolved": "https://registry.npmjs.org/puppeteer/-/puppeteer-24.40.0.tgz",
      "integrity": "sha512-P+J9j4aYGg=="
    },
    "node_modules/winston": {
      "version": "3.11.0",
      "resolved": "https://registry.npmjs.org/winston/-/winston-3.11.0.tgz",
      "integrity": "sha512-P+J9j4aYGg=="
    },
    "node_modules/ws": {
      "version": "8.14.0",
      "resolved": "https://registry.npmjs.org/ws/-/ws-8.14.0.tgz",
      "integrity": "sha512-P+J9j4aYGg=="
    },
    "node_modules/yargs": {
      "version": "17.7.0",
      "resolved": "https://registry.npmjs.org/yargs/-/yargs-17.7.0.tgz",
      "integrity": "sha512-P+J9j4aYGg=="
    },
    "node_modules/zod": {
      "version": "3.22.0",
      "resolved": "https://registry.npmjs.org/zod/-/zod-3.22.0.tgz",
      "integrity": "sha512-P+J9j4aYGg=="
    },
    "node_modules/supertest": {
      "version": "7.2.2",
      "resolved": "https://registry.npmjs.org/supertest/-/supertest-7.2.2.tgz",
      "integrity": "sha512-P+J9j4aYGg==",
      "dev": true
    }
  }
}
